
Microsoft Visual Studio Solution File, Format Version 12.00
# Visual Studio Version 17
VisualStudioVersion = 17.14.36414.22
MinimumVisualStudioVersion = 10.0.40219.1
Project("{2150E333-8FDC-42A3-9474-1A3956D46DE8}") = "Task0", "Task0", "{02EA681E-C7D8-13C7-8484-4AC65E1B71E8}"
EndProject
Project("{FAE04EC0-301F-11D3-BF4B-00C04F79EFBC}") = "Tyuiu.FisherMA.Sprint0.Task0.V0", "Tyuiu.FisherMA.Sprint0.Task0.V0\Tyuiu.FisherMA.Sprint0.Task0.V0.csproj", "{23FADE5D-98ED-40A5-A73E-162544A33A1F}"
EndProject
Project("{2150E333-8FDC-42A3-9474-1A3956D46DE8}") = "Task1", "Task1", "{8B49A727-14B7-45F2-8B4E-41E287B058F0}"
EndProject
Project("{FAE04EC0-301F-11D3-BF4B-00C04F79EFBC}") = "Tyuiu.FisherMA.Sprint0.Task1.V0", "Tyuiu.FisherMA.Sprint0.Task1.V0\Tyuiu.FisherMA.Sprint0.Task1.V0.csproj", "{1D6D30E7-95F8-4331-950E-425FD97AF9E3}"
EndProject
Project("{2150E333-8FDC-42A3-9474-1A3956D46DE8}") = "Task2", "Task2", "{5D7BE4D6-3571-42A6-8DAB-472216318FF6}"
EndProject
Project("{FAE04EC0-301F-11D3-BF4B-00C04F79EFBC}") = "Tyuiu.FisherMA.Sprint0.Task2.V0", "Tyuiu.FisherMA.Sprint0.Task2.V0\Tyuiu.FisherMA.Sprint0.Task2.V0.csproj", "{3F11BA22-EE0F-440E-9255-B2EA8486D01E}"
EndProject
Project("{FAE04EC0-301F-11D3-BF4B-00C04F79EFBC}") = "Tyuiu.FisherMA.Sprint0.Task2.V0.Lib", "Tyuiu.FisherMA.Sprint0.Task2.V0.Lib\Tyuiu.FisherMA.Sprint0.Task2.V0.Lib.csproj", "{96BF8488-A324-4754-8511-0278EDF3D308}"
EndProject
Project("{FAE04EC0-301F-11D3-BF4B-00C04F79EFBC}") = "Tyuiu.FisherMA.Sprint0.Task2.V0.Test", "Tyuiu.FisherMA.Sprint0.Task2.V0.Test\Tyuiu.FisherMA.Sprint0.Task2.V0.Test.csproj", "{0EA35AE2-0BD4-47A3-A4CF-43C0725D4162}"
EndProject
Project("{2150E333-8FDC-42A3-9474-1A3956D46DE8}") = "Task3", "Task3", "{F3EAE43D-903D-4A0B-B8B4-DA2F35D480D1}"
EndProject
Project("{FAE04EC0-301F-11D3-BF4B-00C04F79EFBC}") = "Tyuiu.FisherMA.Sprint0.Task3.V0.Lib", "Tyuiu.FisherMA.Sprint0.Task3.V0.Lib\Tyuiu.FisherMA.Sprint0.Task3.V0.Lib.csproj", "{5E604663-6C80-49D0-8802-A56822896F94}"
EndProject
Project("{FAE04EC0-301F-11D3-BF4B-00C04F79EFBC}") = "Tyuiu.FisherMA.Sprint0.Task3.V0.Test", "Tyuiu.FisherMA.Sprint0.Task3.V0.Test\Tyuiu.FisherMA.Sprint0.Task3.V0.Test.csproj", "{CD5E11EC-BD2C-4A11-B778-5041C65AFC80}"
EndProject
Project("{FAE04EC0-301F-11D3-BF4B-00C04F79EFBC}") = "Tyuiu.FisherMA.Sprint0.Task3.V0", "Tyuiu.FisherMA.Sprint0.Task3.V0\Tyuiu.FisherMA.Sprint0.Task3.V0.csproj", "{A5EA6452-447A-461E-AF7A-F2EF52980459}"
EndProject
Project("{2150E333-8FDC-42A3-9474-1A3956D46DE8}") = "Task4", "Task4", "{EEAE5515-67AF-4E95-B964-45360AB09F21}"
EndProject
Project("{FAE04EC0-301F-11D3-BF4B-00C04F79EFBC}") = "Tyuiu.FisherMA.Sprint0.Task4.V0", "Tyuiu.FisherMA.Sprint0.Task4.V0\Tyuiu.FisherMA.Sprint0.Task4.V0.csproj", "{0076292D-263B-46E5-9F3C-C5523D59B9C4}"
EndProject
Project("{FAE04EC0-301F-11D3-BF4B-00C04F79EFBC}") = "Tyuiu.FisherMA.Sprint0.Task4.V0.Test", "Tyuiu.FisherMA.Sprint0.Task4.V0.Test\Tyuiu.FisherMA.Sprint0.Task4.V0.Test.csproj", "{F8366F88-001F-4F4E-ADCC-796807C9A8BD}"
EndProject
Project("{FAE04EC0-301F-11D3-BF4B-00C04F79EFBC}") = "Tyuiu.FisherMA.Sprint0.Task4.V0.Lib", "Tyuiu.FisherMA.Sprint0.Task4.V0.Lib\Tyuiu.FisherMA.Sprint0.Task4.V0.Lib.csproj", "{E7DD80D0-55AF-4483-9CEB-D228D786B70F}"
EndProject
Project("{2150E333-8FDC-42A3-9474-1A3956D46DE8}") = "Task5", "Task5", "{FF756C85-D435-439B-9075-E0BC711CA557}"
EndProject
Project("{FAE04EC0-301F-11D3-BF4B-00C04F79EFBC}") = "Tyuiu.FisherMA.Sprint0.Task5.V0.Lib", "Tyuiu.FisherMA.Sprint0.Task5.V0.Lib\Tyuiu.FisherMA.Sprint0.Task5.V0.Lib.csproj", "{012A2D56-A491-4B97-BD0D-07671480F8E6}"
EndProject
Project("{FAE04EC0-301F-11D3-BF4B-00C04F79EFBC}") = "Tyuiu.FisherMA.Sprint0.Task5.V0.Test", "Tyuiu.FisherMA.Sprint0.Task5.V0.Test\Tyuiu.FisherMA.Sprint0.Task5.V0.Test.csproj", "{591B624E-AF0C-474D-9F76-76244A5A888C}"
EndProject
Project("{FAE04EC0-301F-11D3-BF4B-00C04F79EFBC}") = "Tyuiu.FisherMA.Sprint0.Task5.V0", "Tyuiu.FisherMA.Sprint0.Task5.V0\Tyuiu.FisherMA.Sprint0.Task5.V0.csproj", "{5A34F118-3646-48B2-B57F-915DD25939B9}"
EndProject
Project("{2150E333-8FDC-42A3-9474-1A3956D46DE8}") = "Task6", "Task6", "{CAFAC006-E080-4539-B8AD-5ADA0780B544}"
EndProject
Project("{FAE04EC0-301F-11D3-BF4B-00C04F79EFBC}") = "Tyuiu.FisherMA.Sprint0.Task6.V0", "Tyuiu.FisherMA.Sprint0.Task6.V0\Tyuiu.FisherMA.Sprint0.Task6.V0.csproj", "{A4285F60-E78A-41A7-8F52-6C44FFB7CCAC}"
EndProject
Project("{FAE04EC0-301F-11D3-BF4B-00C04F79EFBC}") = "Tyuiu.FisherMA.Sprint0.Task6.V0.Test", "Tyuiu.FisherMA.Sprint0.Task6.V0.Test\Tyuiu.FisherMA.Sprint0.Task6.V0.Test.csproj", "{2B2010D3-2C5A-44AB-98D9-B7A2F3862376}"
EndProject
Project("{FAE04EC0-301F-11D3-BF4B-00C04F79EFBC}") = "Tyuiu.FisherMA.Sprint0.Task6.V0.Lib", "Tyuiu.FisherMA.Sprint0.Task6.V0.Lib\Tyuiu.FisherMA.Sprint0.Task6.V0.Lib.csproj", "{58595E0A-7989-4933-BD22-B3FB2127BEA1}"
EndProject
Global
	GlobalSection(SolutionConfigurationPlatforms) = preSolution
		Debug|Any CPU = Debug|Any CPU
		Release|Any CPU = Release|Any CPU
	EndGlobalSection
	GlobalSection(ProjectConfigurationPlatforms) = postSolution
		{23FADE5D-98ED-40A5-A73E-162544A33A1F}.Debug|Any CPU.ActiveCfg = Debug|Any CPU
		{23FADE5D-98ED-40A5-A73E-162544A33A1F}.Debug|Any CPU.Build.0 = Debug|Any CPU
		{23FADE5D-98ED-40A5-A73E-162544A33A1F}.Release|Any CPU.ActiveCfg = Release|Any CPU
		{23FADE5D-98ED-40A5-A73E-162544A33A1F}.Release|Any CPU.Build.0 = Release|Any CPU
		{1D6D30E7-95F8-4331-950E-425FD97AF9E3}.Debug|Any CPU.ActiveCfg = Debug|Any CPU
		{1D6D30E7-95F8-4331-950E-425FD97AF9E3}.Debug|Any CPU.Build.0 = Debug|Any CPU
		{1D6D30E7-95F8-4331-950E-425FD97AF9E3}.Release|Any CPU.ActiveCfg = Release|Any CPU
		{1D6D30E7-95F8-4331-950E-425FD97AF9E3}.Release|Any CPU.Build.0 = Release|Any CPU
		{3F11BA22-EE0F-440E-9255-B2EA8486D01E}.Debug|Any CPU.ActiveCfg = Debug|Any CPU
		{3F11BA22-EE0F-440E-9255-B2EA8486D01E}.Debug|Any CPU.Build.0 = Debug|Any CPU
		{3F11BA22-EE0F-440E-9255-B2EA8486D01E}.Release|Any CPU.ActiveCfg = Release|Any CPU
		{3F11BA22-EE0F-440E-9255-B2EA8486D01E}.Release|Any CPU.Build.0 = Release|Any CPU
		{96BF8488-A324-4754-8511-0278EDF3D308}.Debug|Any CPU.ActiveCfg = Debug|Any CPU
		{96BF8488-A324-4754-8511-0278EDF3D308}.Debug|Any CPU.Build.0 = Debug|Any CPU
		{96BF8488-A324-4754-8511-0278EDF3D308}.Release|Any CPU.ActiveCfg = Release|Any CPU
		{96BF8488-A324-4754-8511-0278EDF3D308}.Release|Any CPU.Build.0 = Release|Any CPU
		{0EA35AE2-0BD4-47A3-A4CF-43C0725D4162}.Debug|Any CPU.ActiveCfg = Debug|Any CPU
		{0EA35AE2-0BD4-47A3-A4CF-43C0725D4162}.Debug|Any CPU.Build.0 = Debug|Any CPU
		{0EA35AE2-0BD4-47A3-A4CF-43C0725D4162}.Release|Any CPU.ActiveCfg = Release|Any CPU
		{0EA35AE2-0BD4-47A3-A4CF-43C0725D4162}.Release|Any CPU.Build.0 = Release|Any CPU
		{5E604663-6C80-49D0-8802-A56822896F94}.Debug|Any CPU.ActiveCfg = Debug|Any CPU
		{5E604663-6C80-49D0-8802-A56822896F94}.Debug|Any CPU.Build.0 = Debug|Any CPU
		{5E604663-6C80-49D0-8802-A56822896F94}.Release|Any CPU.ActiveCfg = Release|Any CPU
		{5E604663-6C80-49D0-8802-A56822896F94}.Release|Any CPU.Build.0 = Release|Any CPU
		{CD5E11EC-BD2C-4A11-B778-5041C65AFC80}.Debug|Any CPU.ActiveCfg = Debug|Any CPU
		{CD5E11EC-BD2C-4A11-B778-5041C65AFC80}.Debug|Any CPU.Build.0 = Debug|Any CPU
		{CD5E11EC-BD2C-4A11-B778-5041C65AFC80}.Release|Any CPU.ActiveCfg = Release|Any CPU
		{CD5E11EC-BD2C-4A11-B778-5041C65AFC80}.Release|Any CPU.Build.0 = Release|Any CPU
		{A5EA6452-447A-461E-AF7A-F2EF52980459}.Debug|Any CPU.ActiveCfg = Debug|Any CPU
		{A5EA6452-447A-461E-AF7A-F2EF52980459}.Debug|Any CPU.Build.0 = Debug|Any CPU
		{A5EA6452-447A-461E-AF7A-F2EF52980459}.Release|Any CPU.ActiveCfg = Release|Any CPU
		{A5EA6452-447A-461E-AF7A-F2EF52980459}.Release|Any CPU.Build.0 = Release|Any CPU
		{0076292D-263B-46E5-9F3C-C5523D59B9C4}.Debug|Any CPU.ActiveCfg = Debug|Any CPU
		{0076292D-263B-46E5-9F3C-C5523D59B9C4}.Debug|Any CPU.Build.0 = Debug|Any CPU
		{0076292D-263B-46E5-9F3C-C5523D59B9C4}.Release|Any CPU.ActiveCfg = Release|Any CPU
		{0076292D-263B-46E5-9F3C-C5523D59B9C4}.Release|Any CPU.Build.0 = Release|Any CPU
		{F8366F88-001F-4F4E-ADCC-796807C9A8BD}.Debug|Any CPU.ActiveCfg = Debug|Any CPU
		{F8366F88-001F-4F4E-ADCC-796807C9A8BD}.Debug|Any CPU.Build.0 = Debug|Any CPU
		{F8366F88-001F-4F4E-ADCC-796807C9A8BD}.Release|Any CPU.ActiveCfg = Release|Any CPU
		{F8366F88-001F-4F4E-ADCC-796807C9A8BD}.Release|Any CPU.Build.0 = Release|Any CPU
		{E7DD80D0-55AF-4483-9CEB-D228D786B70F}.Debug|Any CPU.ActiveCfg = Debug|Any CPU
		{E7DD80D0-55AF-4483-9CEB-D228D786B70F}.Debug|Any CPU.Build.0 = Debug|Any CPU
		{E7DD80D0-55AF-4483-9CEB-D228D786B70F}.Release|Any CPU.ActiveCfg = Release|Any CPU
		{E7DD80D0-55AF-4483-9CEB-D228D786B70F}.Release|Any CPU.Build.0 = Release|Any CPU
		{012A2D56-A491-4B97-BD0D-07671480F8E6}.Debug|Any CPU.ActiveCfg = Debug|Any CPU
		{012A2D56-A491-4B97-BD0D-07671480F8E6}.Debug|Any CPU.Build.0 = Debug|Any CPU
		{012A2D56-A491-4B97-BD0D-07671480F8E6}.Release|Any CPU.ActiveCfg = Release|Any CPU
		{012A2D56-A491-4B97-BD0D-07671480F8E6}.Release|Any CPU.Build.0 = Release|Any CPU
		{591B624E-AF0C-474D-9F76-76244A5A888C}.Debug|Any CPU.ActiveCfg = Debug|Any CPU
		{591B624E-AF0C-474D-9F76-76244A5A888C}.Debug|Any CPU.Build.0 = Debug|Any CPU
		{591B624E-AF0C-474D-9F76-76244A5A888C}.Release|Any CPU.ActiveCfg = Release|Any CPU
		{591B624E-AF0C-474D-9F76-76244A5A888C}.Release|Any CPU.Build.0 = Release|Any CPU
		{5A34F118-3646-48B2-B57F-915DD25939B9}.Debug|Any CPU.ActiveCfg = Debug|Any CPU
		{5A34F118-3646-48B2-B57F-915DD25939B9}.Debug|Any CPU.Build.0 = Debug|Any CPU
		{5A34F118-3646-48B2-B57F-915DD25939B9}.Release|Any CPU.ActiveCfg = Release|Any CPU
		{5A34F118-3646-48B2-B57F-915DD25939B9}.Release|Any CPU.Build.0 = Release|Any CPU
		{A4285F60-E78A-41A7-8F52-6C44FFB7CCAC}.Debug|Any CPU.ActiveCfg = Debug|Any CPU
		{A4285F60-E78A-41A7-8F52-6C44FFB7CCAC}.Debug|Any CPU.Build.0 = Debug|Any CPU
		{A4285F60-E78A-41A7-8F52-6C44FFB7CCAC}.Release|Any CPU.ActiveCfg = Release|Any CPU
		{A4285F60-E78A-41A7-8F52-6C44FFB7CCAC}.Release|Any CPU.Build.0 = Release|Any CPU
		{2B2010D3-2C5A-44AB-98D9-B7A2F3862376}.Debug|Any CPU.ActiveCfg = Debug|Any CPU
		{2B2010D3-2C5A-44AB-98D9-B7A2F3862376}.Debug|Any CPU.Build.0 = Debug|Any CPU
		{2B2010D3-2C5A-44AB-98D9-B7A2F3862376}.Release|Any CPU.ActiveCfg = Release|Any CPU
		{2B2010D3-2C5A-44AB-98D9-B7A2F3862376}.Release|Any CPU.Build.0 = Release|Any CPU
		{58595E0A-7989-4933-BD22-B3FB2127BEA1}.Debug|Any CPU.ActiveCfg = Debug|Any CPU
		{58595E0A-7989-4933-BD22-B3FB2127BEA1}.Debug|Any CPU.Build.0 = Debug|Any CPU
		{58595E0A-7989-4933-BD22-B3FB2127BEA1}.Release|Any CPU.ActiveCfg = Release|Any CPU
		{58595E0A-7989-4933-BD22-B3FB2127BEA1}.Release|Any CPU.Build.0 = Release|Any CPU
	EndGlobalSection
	GlobalSection(SolutionProperties) = preSolution
		HideSolutionNode = FALSE
	EndGlobalSection
	GlobalSection(NestedProjects) = preSolution
		{23FADE5D-98ED-40A5-A73E-162544A33A1F} = {02EA681E-C7D8-13C7-8484-4AC65E1B71E8}
		{1D6D30E7-95F8-4331-950E-425FD97AF9E3} = {8B49A727-14B7-45F2-8B4E-41E287B058F0}
		{3F11BA22-EE0F-440E-9255-B2EA8486D01E} = {5D7BE4D6-3571-42A6-8DAB-472216318FF6}
		{96BF8488-A324-4754-8511-0278EDF3D308} = {5D7BE4D6-3571-42A6-8DAB-472216318FF6}
		{0EA35AE2-0BD4-47A3-A4CF-43C0725D4162} = {5D7BE4D6-3571-42A6-8DAB-472216318FF6}
		{5E604663-6C80-49D0-8802-A56822896F94} = {F3EAE43D-903D-4A0B-B8B4-DA2F35D480D1}
		{CD5E11EC-BD2C-4A11-B778-5041C65AFC80} = {F3EAE43D-903D-4A0B-B8B4-DA2F35D480D1}
		{A5EA6452-447A-461E-AF7A-F2EF52980459} = {F3EAE43D-903D-4A0B-B8B4-DA2F35D480D1}
		{0076292D-263B-46E5-9F3C-C5523D59B9C4} = {EEAE5515-67AF-4E95-B964-45360AB09F21}
		{F8366F88-001F-4F4E-ADCC-796807C9A8BD} = {EEAE5515-67AF-4E95-B964-45360AB09F21}
		{E7DD80D0-55AF-4483-9CEB-D228D786B70F} = {EEAE5515-67AF-4E95-B964-45360AB09F21}
		{012A2D56-A491-4B97-BD0D-07671480F8E6} = {FF756C85-D435-439B-9075-E0BC711CA557}
		{591B624E-AF0C-474D-9F76-76244A5A888C} = {FF756C85-D435-439B-9075-E0BC711CA557}
		{5A34F118-3646-48B2-B57F-915DD25939B9} = {FF756C85-D435-439B-9075-E0BC711CA557}
		{A4285F60-E78A-41A7-8F52-6C44FFB7CCAC} = {CAFAC006-E080-4539-B8AD-5ADA0780B544}
		{2B2010D3-2C5A-44AB-98D9-B7A2F3862376} = {CAFAC006-E080-4539-B8AD-5ADA0780B544}
		{58595E0A-7989-4933-BD22-B3FB2127BEA1} = {CAFAC006-E080-4539-B8AD-5ADA0780B544}
	EndGlobalSection
	GlobalSection(ExtensibilityGlobals) = postSolution
		SolutionGuid = {66AF7435-5CEC-422B-98C6-A08995C6F54C}
	EndGlobalSection
EndGlobal
